// !$*UTF8*$!
{
	archiveVersion = 1;
	classes = {
	};
	objectVersion = 51;
	objects = {

/* Begin PBXBuildFile section */
		5501D9CA24369B4D002EAFB0 /* SFSymbolName.swift in Sources */ = {isa = PBXBuildFile; fileRef = 5501D9C924369B4D002EAFB0 /* SFSymbolName.swift */; };
		5501D9CE24369C18002EAFB0 /* UIImage+Utils.swift in Sources */ = {isa = PBXBuildFile; fileRef = 5501D9CD24369C18002EAFB0 /* UIImage+Utils.swift */; };
		5501D9D124369CC1002EAFB0 /* AnimatedButton.swift in Sources */ = {isa = PBXBuildFile; fileRef = 5501D9D024369CC1002EAFB0 /* AnimatedButton.swift */; };
		5501D9D42436AF08002EAFB0 /* StubLoading.swift in Sources */ = {isa = PBXBuildFile; fileRef = 5501D9D32436AF08002EAFB0 /* StubLoading.swift */; };
		5501D9D62436AF85002EAFB0 /* FullAlbumStub.json in Resources */ = {isa = PBXBuildFile; fileRef = 5501D9D52436AF85002EAFB0 /* FullAlbumStub.json */; };
		5501D9D82436AFC6002EAFB0 /* OneAlbumStub.json in Resources */ = {isa = PBXBuildFile; fileRef = 5501D9D72436AFC6002EAFB0 /* OneAlbumStub.json */; };
		5501D9DC2436B039002EAFB0 /* MissingAlbumDataStub.json in Resources */ = {isa = PBXBuildFile; fileRef = 5501D9DB2436B039002EAFB0 /* MissingAlbumDataStub.json */; };
		5501D9DE2436B1EB002EAFB0 /* AlbumResponseDecodeTests.swift in Sources */ = {isa = PBXBuildFile; fileRef = 5501D9DD2436B1EB002EAFB0 /* AlbumResponseDecodeTests.swift */; };
		5501D9E124374FFD002EAFB0 /* ApiClientTests.swift in Sources */ = {isa = PBXBuildFile; fileRef = 5501D9E024374FFD002EAFB0 /* ApiClientTests.swift */; };
		5501D9E324375542002EAFB0 /* TopAlbumsViewModelTests.swift in Sources */ = {isa = PBXBuildFile; fileRef = 5501D9E224375542002EAFB0 /* TopAlbumsViewModelTests.swift */; };
		5521C0832437A24A00DD329B /* AlbumDetialsViewModelTests.swift in Sources */ = {isa = PBXBuildFile; fileRef = 5521C0822437A24A00DD329B /* AlbumDetialsViewModelTests.swift */; };
		5521C0872437A70900DD329B /* BaseSnapshotTests.swift in Sources */ = {isa = PBXBuildFile; fileRef = 5521C0862437A70900DD329B /* BaseSnapshotTests.swift */; };
		5521C0892437A78A00DD329B /* TopAlbumsVcSnapshotTests.swift in Sources */ = {isa = PBXBuildFile; fileRef = 5521C0882437A78A00DD329B /* TopAlbumsVcSnapshotTests.swift */; };
		5521C08C2437A90000DD329B /* TopAlbumsTestViewModel.swift in Sources */ = {isa = PBXBuildFile; fileRef = 5521C08B2437A90000DD329B /* TopAlbumsTestViewModel.swift */; };
		5521C08F2437AB3000DD329B /* MockApiClient.swift in Sources */ = {isa = PBXBuildFile; fileRef = 5521C08E2437AB3000DD329B /* MockApiClient.swift */; };
		5521C0912437AE8900DD329B /* ImageName.swift in Sources */ = {isa = PBXBuildFile; fileRef = 5521C0902437AE8900DD329B /* ImageName.swift */; };
		5521C0942437B43A00DD329B /* AlbumTableViewCellViewModel.swift in Sources */ = {isa = PBXBuildFile; fileRef = 5521C0932437B43A00DD329B /* AlbumTableViewCellViewModel.swift */; };
		5521C0962437B47A00DD329B /* AlbumTableViewCellTestViewModel.swift in Sources */ = {isa = PBXBuildFile; fileRef = 5521C0952437B47A00DD329B /* AlbumTableViewCellTestViewModel.swift */; };
		5521C09A2437B78400DD329B /* AlbumTableViewCellViewModelTests.swift in Sources */ = {isa = PBXBuildFile; fileRef = 5521C0992437B78400DD329B /* AlbumTableViewCellViewModelTests.swift */; };
		5521C09E2437B88300DD329B /* AlbumDetailsVcSnapshotTests.swift in Sources */ = {isa = PBXBuildFile; fileRef = 5521C09D2437B88300DD329B /* AlbumDetailsVcSnapshotTests.swift */; };
		5521C0A22437BA5700DD329B /* AlbumDetailsTestViewModel.swift in Sources */ = {isa = PBXBuildFile; fileRef = 5521C0A12437BA5700DD329B /* AlbumDetailsTestViewModel.swift */; };
		5537256B24340C63009018A8 /* AppDelegate.swift in Sources */ = {isa = PBXBuildFile; fileRef = 5537256A24340C63009018A8 /* AppDelegate.swift */; };
		5537256D24340C63009018A8 /* SceneDelegate.swift in Sources */ = {isa = PBXBuildFile; fileRef = 5537256C24340C63009018A8 /* SceneDelegate.swift */; };
		5537257424340C65009018A8 /* Assets.xcassets in Resources */ = {isa = PBXBuildFile; fileRef = 5537257324340C65009018A8 /* Assets.xcassets */; };
		5537257724340C65009018A8 /* LaunchScreen.storyboard in Resources */ = {isa = PBXBuildFile; fileRef = 5537257524340C65009018A8 /* LaunchScreen.storyboard */; };
		5537258224340C66009018A8 /* Top100AlbumsTests.swift in Sources */ = {isa = PBXBuildFile; fileRef = 5537258124340C66009018A8 /* Top100AlbumsTests.swift */; };
		5537258D24340C66009018A8 /* Top100AlbumsUITests.swift in Sources */ = {isa = PBXBuildFile; fileRef = 5537258C24340C66009018A8 /* Top100AlbumsUITests.swift */; };
		5537259C24353227009018A8 /* ApiClient.swift in Sources */ = {isa = PBXBuildFile; fileRef = 5537259B24353227009018A8 /* ApiClient.swift */; };
		5537259F24353273009018A8 /* URLRequest+Utils.swift in Sources */ = {isa = PBXBuildFile; fileRef = 5537259E24353273009018A8 /* URLRequest+Utils.swift */; };
		553725A12435328A009018A8 /* Dictionary+Utils.swift in Sources */ = {isa = PBXBuildFile; fileRef = 553725A02435328A009018A8 /* Dictionary+Utils.swift */; };
		553725A3243532A3009018A8 /* Data+Utils.swift in Sources */ = {isa = PBXBuildFile; fileRef = 553725A2243532A3009018A8 /* Data+Utils.swift */; };
		553725A8243533B0009018A8 /* TopAlbumsViewController.swift in Sources */ = {isa = PBXBuildFile; fileRef = 553725A7243533B0009018A8 /* TopAlbumsViewController.swift */; };
		553725AB243533F0009018A8 /* AppCoordinator.swift in Sources */ = {isa = PBXBuildFile; fileRef = 553725AA243533F0009018A8 /* AppCoordinator.swift */; };
		553725AE24353440009018A8 /* NetworkError.swift in Sources */ = {isa = PBXBuildFile; fileRef = 553725AD24353440009018A8 /* NetworkError.swift */; };
		553725B0243536AA009018A8 /* TopAlbumsViewModel.swift in Sources */ = {isa = PBXBuildFile; fileRef = 553725AF243536AA009018A8 /* TopAlbumsViewModel.swift */; };
		553725B3243537AB009018A8 /* BaseViewController.swift in Sources */ = {isa = PBXBuildFile; fileRef = 553725B2243537AB009018A8 /* BaseViewController.swift */; };
		553725B524353A65009018A8 /* Factory.swift in Sources */ = {isa = PBXBuildFile; fileRef = 553725B424353A65009018A8 /* Factory.swift */; };
		5558E42B24361BF2001A45E8 /* UIButton+Utils.swift in Sources */ = {isa = PBXBuildFile; fileRef = 5558E42A24361BF2001A45E8 /* UIButton+Utils.swift */; };
		5558E42D24361C5D001A45E8 /* HapticCapsuleButton.swift in Sources */ = {isa = PBXBuildFile; fileRef = 5558E42C24361C5D001A45E8 /* HapticCapsuleButton.swift */; };
		558D061A24369177003E7ED8 /* AnimationCircleStrokeSpin.swift in Sources */ = {isa = PBXBuildFile; fileRef = 558D061924369177003E7ED8 /* AnimationCircleStrokeSpin.swift */; };
		558D061C24369192003E7ED8 /* ActivityIndicatorView.swift in Sources */ = {isa = PBXBuildFile; fileRef = 558D061B24369192003E7ED8 /* ActivityIndicatorView.swift */; };
		5599858D2435401C00DB1E51 /* AlbumResponse.swift in Sources */ = {isa = PBXBuildFile; fileRef = 5599858C2435401C00DB1E51 /* AlbumResponse.swift */; };
		559985902435465A00DB1E51 /* FailableDecodable.swift in Sources */ = {isa = PBXBuildFile; fileRef = 5599858F2435465A00DB1E51 /* FailableDecodable.swift */; };
		55998592243548D300DB1E51 /* ApiRoute.swift in Sources */ = {isa = PBXBuildFile; fileRef = 55998591243548D300DB1E51 /* ApiRoute.swift */; };
		559985942435545200DB1E51 /* AlbumTableViewCell.swift in Sources */ = {isa = PBXBuildFile; fileRef = 559985932435545200DB1E51 /* AlbumTableViewCell.swift */; };
		5599859624355AA800DB1E51 /* UIStackView+Utils.swift in Sources */ = {isa = PBXBuildFile; fileRef = 5599859524355AA800DB1E51 /* UIStackView+Utils.swift */; };
		5599859B2436050800DB1E51 /* AlbumDetailsViewController.swift in Sources */ = {isa = PBXBuildFile; fileRef = 5599859A2436050800DB1E51 /* AlbumDetailsViewController.swift */; };
		5599859D2436053200DB1E51 /* AlbumDetailsViewModel.swift in Sources */ = {isa = PBXBuildFile; fileRef = 5599859C2436053200DB1E51 /* AlbumDetailsViewModel.swift */; };
		5599859F243608C300DB1E51 /* AlbumDetailsCoordinator.swift in Sources */ = {isa = PBXBuildFile; fileRef = 5599859E243608C300DB1E51 /* AlbumDetailsCoordinator.swift */; };
		559985A224360EF100DB1E51 /* TopAlbumsCoordinator.swift in Sources */ = {isa = PBXBuildFile; fileRef = 559985A124360EF100DB1E51 /* TopAlbumsCoordinator.swift */; };
		55C9BFB024353D650053774A /* .swiftlint.yml in Resources */ = {isa = PBXBuildFile; fileRef = 55C9BFAF24353D640053774A /* .swiftlint.yml */; };
		55D216F4243756D000B455F9 /* TopAlbumsViewModelSpyViewDelegate.swift in Sources */ = {isa = PBXBuildFile; fileRef = 55D216F3243756D000B455F9 /* TopAlbumsViewModelSpyViewDelegate.swift */; };
		5610A00D3411D39439525BE4 /* Pods_Top100Albums.framework in Frameworks */ = {isa = PBXBuildFile; fileRef = BBA70065FE584F16FA16C9C8 /* Pods_Top100Albums.framework */; };
		5BDBEF75B0A34EE07BF087CD /* Pods_Top100AlbumsTests.framework in Frameworks */ = {isa = PBXBuildFile; fileRef = FCCE342FBCC924E8D4506C57 /* Pods_Top100AlbumsTests.framework */; };
		E9F265461696595D90CAC3A6 /* Pods_Top100Albums_Top100AlbumsUITests.framework in Frameworks */ = {isa = PBXBuildFile; fileRef = 9B1AB1B410BFCFEF7DD00E0B /* Pods_Top100Albums_Top100AlbumsUITests.framework */; };
/* End PBXBuildFile section */

/* Begin PBXContainerItemProxy section */
		5537257E24340C66009018A8 /* PBXContainerItemProxy */ = {
			isa = PBXContainerItemProxy;
			containerPortal = 5537255F24340C62009018A8 /* Project object */;
			proxyType = 1;
			remoteGlobalIDString = 5537256624340C63009018A8;
			remoteInfo = Top100Albums;
		};
		5537258924340C66009018A8 /* PBXContainerItemProxy */ = {
			isa = PBXContainerItemProxy;
			containerPortal = 5537255F24340C62009018A8 /* Project object */;
			proxyType = 1;
			remoteGlobalIDString = 5537256624340C63009018A8;
			remoteInfo = Top100Albums;
		};
/* End PBXContainerItemProxy section */

/* Begin PBXFileReference section */
		364AE739FA338B46378E7F3B /* Pods-Top100Albums-Top100AlbumsUITests.release.xcconfig */ = {isa = PBXFileReference; includeInIndex = 1; lastKnownFileType = text.xcconfig; name = "Pods-Top100Albums-Top100AlbumsUITests.release.xcconfig"; path = "Target Support Files/Pods-Top100Albums-Top100AlbumsUITests/Pods-Top100Albums-Top100AlbumsUITests.release.xcconfig"; sourceTree = "<group>"; };
		4810CE2849C621CFDBDF2AD1 /* Pods-Top100Albums-Top100AlbumsUITests.debug.xcconfig */ = {isa = PBXFileReference; includeInIndex = 1; lastKnownFileType = text.xcconfig; name = "Pods-Top100Albums-Top100AlbumsUITests.debug.xcconfig"; path = "Target Support Files/Pods-Top100Albums-Top100AlbumsUITests/Pods-Top100Albums-Top100AlbumsUITests.debug.xcconfig"; sourceTree = "<group>"; };
		5501D9C924369B4D002EAFB0 /* SFSymbolName.swift */ = {isa = PBXFileReference; lastKnownFileType = sourcecode.swift; path = SFSymbolName.swift; sourceTree = "<group>"; };
		5501D9CD24369C18002EAFB0 /* UIImage+Utils.swift */ = {isa = PBXFileReference; lastKnownFileType = sourcecode.swift; path = "UIImage+Utils.swift"; sourceTree = "<group>"; };
		5501D9D024369CC1002EAFB0 /* AnimatedButton.swift */ = {isa = PBXFileReference; lastKnownFileType = sourcecode.swift; path = AnimatedButton.swift; sourceTree = "<group>"; };
		5501D9D32436AF08002EAFB0 /* StubLoading.swift */ = {isa = PBXFileReference; lastKnownFileType = sourcecode.swift; path = StubLoading.swift; sourceTree = "<group>"; };
		5501D9D52436AF85002EAFB0 /* FullAlbumStub.json */ = {isa = PBXFileReference; lastKnownFileType = text.json; path = FullAlbumStub.json; sourceTree = "<group>"; };
		5501D9D72436AFC6002EAFB0 /* OneAlbumStub.json */ = {isa = PBXFileReference; lastKnownFileType = text.json; path = OneAlbumStub.json; sourceTree = "<group>"; };
		5501D9DB2436B039002EAFB0 /* MissingAlbumDataStub.json */ = {isa = PBXFileReference; lastKnownFileType = text.json; path = MissingAlbumDataStub.json; sourceTree = "<group>"; };
		5501D9DD2436B1EB002EAFB0 /* AlbumResponseDecodeTests.swift */ = {isa = PBXFileReference; lastKnownFileType = sourcecode.swift; path = AlbumResponseDecodeTests.swift; sourceTree = "<group>"; };
		5501D9E024374FFD002EAFB0 /* ApiClientTests.swift */ = {isa = PBXFileReference; lastKnownFileType = sourcecode.swift; path = ApiClientTests.swift; sourceTree = "<group>"; };
		5501D9E224375542002EAFB0 /* TopAlbumsViewModelTests.swift */ = {isa = PBXFileReference; lastKnownFileType = sourcecode.swift; path = TopAlbumsViewModelTests.swift; sourceTree = "<group>"; };
		5521C0822437A24A00DD329B /* AlbumDetialsViewModelTests.swift */ = {isa = PBXFileReference; lastKnownFileType = sourcecode.swift; path = AlbumDetialsViewModelTests.swift; sourceTree = "<group>"; };
		5521C0862437A70900DD329B /* BaseSnapshotTests.swift */ = {isa = PBXFileReference; lastKnownFileType = sourcecode.swift; path = BaseSnapshotTests.swift; sourceTree = "<group>"; };
		5521C0882437A78A00DD329B /* TopAlbumsVcSnapshotTests.swift */ = {isa = PBXFileReference; lastKnownFileType = sourcecode.swift; path = TopAlbumsVcSnapshotTests.swift; sourceTree = "<group>"; };
		5521C08B2437A90000DD329B /* TopAlbumsTestViewModel.swift */ = {isa = PBXFileReference; lastKnownFileType = sourcecode.swift; path = TopAlbumsTestViewModel.swift; sourceTree = "<group>"; };
		5521C08E2437AB3000DD329B /* MockApiClient.swift */ = {isa = PBXFileReference; lastKnownFileType = sourcecode.swift; path = MockApiClient.swift; sourceTree = "<group>"; };
		5521C0902437AE8900DD329B /* ImageName.swift */ = {isa = PBXFileReference; lastKnownFileType = sourcecode.swift; path = ImageName.swift; sourceTree = "<group>"; };
		5521C0932437B43A00DD329B /* AlbumTableViewCellViewModel.swift */ = {isa = PBXFileReference; lastKnownFileType = sourcecode.swift; path = AlbumTableViewCellViewModel.swift; sourceTree = "<group>"; };
		5521C0952437B47A00DD329B /* AlbumTableViewCellTestViewModel.swift */ = {isa = PBXFileReference; lastKnownFileType = sourcecode.swift; path = AlbumTableViewCellTestViewModel.swift; sourceTree = "<group>"; };
		5521C0992437B78400DD329B /* AlbumTableViewCellViewModelTests.swift */ = {isa = PBXFileReference; lastKnownFileType = sourcecode.swift; path = AlbumTableViewCellViewModelTests.swift; sourceTree = "<group>"; };
		5521C09D2437B88300DD329B /* AlbumDetailsVcSnapshotTests.swift */ = {isa = PBXFileReference; lastKnownFileType = sourcecode.swift; path = AlbumDetailsVcSnapshotTests.swift; sourceTree = "<group>"; };
		5521C0A12437BA5700DD329B /* AlbumDetailsTestViewModel.swift */ = {isa = PBXFileReference; lastKnownFileType = sourcecode.swift; path = AlbumDetailsTestViewModel.swift; sourceTree = "<group>"; };
		5537256724340C63009018A8 /* Top100Albums.app */ = {isa = PBXFileReference; explicitFileType = wrapper.application; includeInIndex = 0; path = Top100Albums.app; sourceTree = BUILT_PRODUCTS_DIR; };
		5537256A24340C63009018A8 /* AppDelegate.swift */ = {isa = PBXFileReference; lastKnownFileType = sourcecode.swift; path = AppDelegate.swift; sourceTree = "<group>"; };
		5537256C24340C63009018A8 /* SceneDelegate.swift */ = {isa = PBXFileReference; lastKnownFileType = sourcecode.swift; path = SceneDelegate.swift; sourceTree = "<group>"; };
		5537257324340C65009018A8 /* Assets.xcassets */ = {isa = PBXFileReference; lastKnownFileType = folder.assetcatalog; path = Assets.xcassets; sourceTree = "<group>"; };
		5537257624340C65009018A8 /* Base */ = {isa = PBXFileReference; lastKnownFileType = file.storyboard; name = Base; path = Base.lproj/LaunchScreen.storyboard; sourceTree = "<group>"; };
		5537257824340C65009018A8 /* Info.plist */ = {isa = PBXFileReference; lastKnownFileType = text.plist.xml; path = Info.plist; sourceTree = "<group>"; };
		5537257D24340C66009018A8 /* Top100AlbumsTests.xctest */ = {isa = PBXFileReference; explicitFileType = wrapper.cfbundle; includeInIndex = 0; path = Top100AlbumsTests.xctest; sourceTree = BUILT_PRODUCTS_DIR; };
		5537258124340C66009018A8 /* Top100AlbumsTests.swift */ = {isa = PBXFileReference; lastKnownFileType = sourcecode.swift; path = Top100AlbumsTests.swift; sourceTree = "<group>"; };
		5537258324340C66009018A8 /* Info.plist */ = {isa = PBXFileReference; lastKnownFileType = text.plist.xml; path = Info.plist; sourceTree = "<group>"; };
		5537258824340C66009018A8 /* Top100AlbumsUITests.xctest */ = {isa = PBXFileReference; explicitFileType = wrapper.cfbundle; includeInIndex = 0; path = Top100AlbumsUITests.xctest; sourceTree = BUILT_PRODUCTS_DIR; };
		5537258C24340C66009018A8 /* Top100AlbumsUITests.swift */ = {isa = PBXFileReference; lastKnownFileType = sourcecode.swift; path = Top100AlbumsUITests.swift; sourceTree = "<group>"; };
		5537258E24340C66009018A8 /* Info.plist */ = {isa = PBXFileReference; lastKnownFileType = text.plist.xml; path = Info.plist; sourceTree = "<group>"; };
		5537259B24353227009018A8 /* ApiClient.swift */ = {isa = PBXFileReference; lastKnownFileType = sourcecode.swift; path = ApiClient.swift; sourceTree = "<group>"; };
		5537259E24353273009018A8 /* URLRequest+Utils.swift */ = {isa = PBXFileReference; lastKnownFileType = sourcecode.swift; path = "URLRequest+Utils.swift"; sourceTree = "<group>"; };
		553725A02435328A009018A8 /* Dictionary+Utils.swift */ = {isa = PBXFileReference; lastKnownFileType = sourcecode.swift; path = "Dictionary+Utils.swift"; sourceTree = "<group>"; };
		553725A2243532A3009018A8 /* Data+Utils.swift */ = {isa = PBXFileReference; lastKnownFileType = sourcecode.swift; path = "Data+Utils.swift"; sourceTree = "<group>"; };
		553725A7243533B0009018A8 /* TopAlbumsViewController.swift */ = {isa = PBXFileReference; lastKnownFileType = sourcecode.swift; path = TopAlbumsViewController.swift; sourceTree = "<group>"; };
		553725AA243533F0009018A8 /* AppCoordinator.swift */ = {isa = PBXFileReference; lastKnownFileType = sourcecode.swift; path = AppCoordinator.swift; sourceTree = "<group>"; };
		553725AD24353440009018A8 /* NetworkError.swift */ = {isa = PBXFileReference; lastKnownFileType = sourcecode.swift; path = NetworkError.swift; sourceTree = "<group>"; };
		553725AF243536AA009018A8 /* TopAlbumsViewModel.swift */ = {isa = PBXFileReference; lastKnownFileType = sourcecode.swift; path = TopAlbumsViewModel.swift; sourceTree = "<group>"; };
		553725B2243537AB009018A8 /* BaseViewController.swift */ = {isa = PBXFileReference; lastKnownFileType = sourcecode.swift; path = BaseViewController.swift; sourceTree = "<group>"; };
		553725B424353A65009018A8 /* Factory.swift */ = {isa = PBXFileReference; lastKnownFileType = sourcecode.swift; path = Factory.swift; sourceTree = "<group>"; };
		5558E42A24361BF2001A45E8 /* UIButton+Utils.swift */ = {isa = PBXFileReference; lastKnownFileType = sourcecode.swift; path = "UIButton+Utils.swift"; sourceTree = "<group>"; };
		5558E42C24361C5D001A45E8 /* HapticCapsuleButton.swift */ = {isa = PBXFileReference; lastKnownFileType = sourcecode.swift; path = HapticCapsuleButton.swift; sourceTree = "<group>"; };
		558D061924369177003E7ED8 /* AnimationCircleStrokeSpin.swift */ = {isa = PBXFileReference; lastKnownFileType = sourcecode.swift; path = AnimationCircleStrokeSpin.swift; sourceTree = "<group>"; };
		558D061B24369192003E7ED8 /* ActivityIndicatorView.swift */ = {isa = PBXFileReference; lastKnownFileType = sourcecode.swift; path = ActivityIndicatorView.swift; sourceTree = "<group>"; };
		5599858C2435401C00DB1E51 /* AlbumResponse.swift */ = {isa = PBXFileReference; lastKnownFileType = sourcecode.swift; path = AlbumResponse.swift; sourceTree = "<group>"; };
		5599858F2435465A00DB1E51 /* FailableDecodable.swift */ = {isa = PBXFileReference; lastKnownFileType = sourcecode.swift; path = FailableDecodable.swift; sourceTree = "<group>"; };
		55998591243548D300DB1E51 /* ApiRoute.swift */ = {isa = PBXFileReference; lastKnownFileType = sourcecode.swift; path = ApiRoute.swift; sourceTree = "<group>"; };
		559985932435545200DB1E51 /* AlbumTableViewCell.swift */ = {isa = PBXFileReference; lastKnownFileType = sourcecode.swift; path = AlbumTableViewCell.swift; sourceTree = "<group>"; };
		5599859524355AA800DB1E51 /* UIStackView+Utils.swift */ = {isa = PBXFileReference; lastKnownFileType = sourcecode.swift; path = "UIStackView+Utils.swift"; sourceTree = "<group>"; };
		5599859A2436050800DB1E51 /* AlbumDetailsViewController.swift */ = {isa = PBXFileReference; lastKnownFileType = sourcecode.swift; path = AlbumDetailsViewController.swift; sourceTree = "<group>"; };
		5599859C2436053200DB1E51 /* AlbumDetailsViewModel.swift */ = {isa = PBXFileReference; lastKnownFileType = sourcecode.swift; path = AlbumDetailsViewModel.swift; sourceTree = "<group>"; };
		5599859E243608C300DB1E51 /* AlbumDetailsCoordinator.swift */ = {isa = PBXFileReference; lastKnownFileType = sourcecode.swift; path = AlbumDetailsCoordinator.swift; sourceTree = "<group>"; };
		559985A124360EF100DB1E51 /* TopAlbumsCoordinator.swift */ = {isa = PBXFileReference; lastKnownFileType = sourcecode.swift; path = TopAlbumsCoordinator.swift; sourceTree = "<group>"; };
		55C9BFAF24353D640053774A /* .swiftlint.yml */ = {isa = PBXFileReference; lastKnownFileType = text.yaml; path = .swiftlint.yml; sourceTree = "<group>"; };
		55D216F3243756D000B455F9 /* TopAlbumsViewModelSpyViewDelegate.swift */ = {isa = PBXFileReference; lastKnownFileType = sourcecode.swift; path = TopAlbumsViewModelSpyViewDelegate.swift; sourceTree = "<group>"; };
		705302173E95A94F813FD203 /* Pods-Top100Albums.release.xcconfig */ = {isa = PBXFileReference; includeInIndex = 1; lastKnownFileType = text.xcconfig; name = "Pods-Top100Albums.release.xcconfig"; path = "Target Support Files/Pods-Top100Albums/Pods-Top100Albums.release.xcconfig"; sourceTree = "<group>"; };
		8C6BD38A9CFDB47446E9E85B /* Pods-Top100AlbumsTests.release.xcconfig */ = {isa = PBXFileReference; includeInIndex = 1; lastKnownFileType = text.xcconfig; name = "Pods-Top100AlbumsTests.release.xcconfig"; path = "Target Support Files/Pods-Top100AlbumsTests/Pods-Top100AlbumsTests.release.xcconfig"; sourceTree = "<group>"; };
		9B1AB1B410BFCFEF7DD00E0B /* Pods_Top100Albums_Top100AlbumsUITests.framework */ = {isa = PBXFileReference; explicitFileType = wrapper.framework; includeInIndex = 0; path = Pods_Top100Albums_Top100AlbumsUITests.framework; sourceTree = BUILT_PRODUCTS_DIR; };
		A7F912C63889FE0D5926DB69 /* Pods-Top100AlbumsTests.debug.xcconfig */ = {isa = PBXFileReference; includeInIndex = 1; lastKnownFileType = text.xcconfig; name = "Pods-Top100AlbumsTests.debug.xcconfig"; path = "Target Support Files/Pods-Top100AlbumsTests/Pods-Top100AlbumsTests.debug.xcconfig"; sourceTree = "<group>"; };
		BBA70065FE584F16FA16C9C8 /* Pods_Top100Albums.framework */ = {isa = PBXFileReference; explicitFileType = wrapper.framework; includeInIndex = 0; path = Pods_Top100Albums.framework; sourceTree = BUILT_PRODUCTS_DIR; };
		BF689C38B8F116E6BEDCC14C /* Pods-Top100Albums.debug.xcconfig */ = {isa = PBXFileReference; includeInIndex = 1; lastKnownFileType = text.xcconfig; name = "Pods-Top100Albums.debug.xcconfig"; path = "Target Support Files/Pods-Top100Albums/Pods-Top100Albums.debug.xcconfig"; sourceTree = "<group>"; };
		FCCE342FBCC924E8D4506C57 /* Pods_Top100AlbumsTests.framework */ = {isa = PBXFileReference; explicitFileType = wrapper.framework; includeInIndex = 0; path = Pods_Top100AlbumsTests.framework; sourceTree = BUILT_PRODUCTS_DIR; };
/* End PBXFileReference section */

/* Begin PBXFrameworksBuildPhase section */
		5537256424340C63009018A8 /* Frameworks */ = {
			isa = PBXFrameworksBuildPhase;
			buildActionMask = 2147483647;
			files = (
				5610A00D3411D39439525BE4 /* Pods_Top100Albums.framework in Frameworks */,
			);
			runOnlyForDeploymentPostprocessing = 0;
		};
		5537257A24340C66009018A8 /* Frameworks */ = {
			isa = PBXFrameworksBuildPhase;
			buildActionMask = 2147483647;
			files = (
				5BDBEF75B0A34EE07BF087CD /* Pods_Top100AlbumsTests.framework in Frameworks */,
			);
			runOnlyForDeploymentPostprocessing = 0;
		};
		5537258524340C66009018A8 /* Frameworks */ = {
			isa = PBXFrameworksBuildPhase;
			buildActionMask = 2147483647;
			files = (
				E9F265461696595D90CAC3A6 /* Pods_Top100Albums_Top100AlbumsUITests.framework in Frameworks */,
			);
			runOnlyForDeploymentPostprocessing = 0;
		};
/* End PBXFrameworksBuildPhase section */

/* Begin PBXGroup section */
		5501D9CF24369C88002EAFB0 /* Buttons */ = {
			isa = PBXGroup;
			children = (
				5501D9D024369CC1002EAFB0 /* AnimatedButton.swift */,
				5558E42C24361C5D001A45E8 /* HapticCapsuleButton.swift */,
			);
			path = Buttons;
			sourceTree = "<group>";
		};
		5501D9D22436AEA7002EAFB0 /* Stubs */ = {
			isa = PBXGroup;
			children = (
				5501D9D32436AF08002EAFB0 /* StubLoading.swift */,
				5501D9D52436AF85002EAFB0 /* FullAlbumStub.json */,
				5501D9D72436AFC6002EAFB0 /* OneAlbumStub.json */,
				5501D9DB2436B039002EAFB0 /* MissingAlbumDataStub.json */,
			);
			path = Stubs;
			sourceTree = "<group>";
		};
		5501D9E424375624002EAFB0 /* ViewModelTests */ = {
			isa = PBXGroup;
			children = (
				5521C0822437A24A00DD329B /* AlbumDetialsViewModelTests.swift */,
				5521C0992437B78400DD329B /* AlbumTableViewCellViewModelTests.swift */,
				5501D9E224375542002EAFB0 /* TopAlbumsViewModelTests.swift */,
			);
			path = ViewModelTests;
			sourceTree = "<group>";
		};
		5501D9E52437562D002EAFB0 /* SpyDelegates */ = {
			isa = PBXGroup;
			children = (
				55D216F3243756D000B455F9 /* TopAlbumsViewModelSpyViewDelegate.swift */,
			);
			path = SpyDelegates;
			sourceTree = "<group>";
		};
		5501D9E624375643002EAFB0 /* ApiTests */ = {
			isa = PBXGroup;
			children = (
				5501D9E024374FFD002EAFB0 /* ApiClientTests.swift */,
			);
			path = ApiTests;
			sourceTree = "<group>";
		};
		5501D9E724375650002EAFB0 /* ModelTests */ = {
			isa = PBXGroup;
			children = (
				5501D9DD2436B1EB002EAFB0 /* AlbumResponseDecodeTests.swift */,
			);
			path = ModelTests;
			sourceTree = "<group>";
		};
		5521C0842437A68D00DD329B /* SnapshotTests */ = {
			isa = PBXGroup;
			children = (
				5521C09D2437B88300DD329B /* AlbumDetailsVcSnapshotTests.swift */,
				5521C0862437A70900DD329B /* BaseSnapshotTests.swift */,
				5521C0882437A78A00DD329B /* TopAlbumsVcSnapshotTests.swift */,
			);
			path = SnapshotTests;
			sourceTree = "<group>";
		};
		5521C08A2437A8E800DD329B /* TestViewModels */ = {
			isa = PBXGroup;
			children = (
				5521C0A12437BA5700DD329B /* AlbumDetailsTestViewModel.swift */,
				5521C0952437B47A00DD329B /* AlbumTableViewCellTestViewModel.swift */,
				5521C08B2437A90000DD329B /* TopAlbumsTestViewModel.swift */,
			);
			path = TestViewModels;
			sourceTree = "<group>";
		};
		5521C08D2437AB1A00DD329B /* MockObjects */ = {
			isa = PBXGroup;
			children = (
				5521C08E2437AB3000DD329B /* MockApiClient.swift */,
			);
			path = MockObjects;
			sourceTree = "<group>";
		};
		5521C0922437B42600DD329B /* Components */ = {
			isa = PBXGroup;
			children = (
				559985932435545200DB1E51 /* AlbumTableViewCell.swift */,
				5521C0932437B43A00DD329B /* AlbumTableViewCellViewModel.swift */,
			);
			path = Components;
			sourceTree = "<group>";
		};
		5537255E24340C62009018A8 = {
			isa = PBXGroup;
			children = (
				5537256924340C63009018A8 /* Top100Albums */,
				5537258024340C66009018A8 /* Top100AlbumsTests */,
				5537258B24340C66009018A8 /* Top100AlbumsUITests */,
				5537256824340C63009018A8 /* Products */,
				55751E28EA4457D28841D21A /* Pods */,
				AC5FF4F7F17BCE9782CF4F63 /* Frameworks */,
				55C9BFAF24353D640053774A /* .swiftlint.yml */,
			);
			sourceTree = "<group>";
		};
		5537256824340C63009018A8 /* Products */ = {
			isa = PBXGroup;
			children = (
				5537256724340C63009018A8 /* Top100Albums.app */,
				5537257D24340C66009018A8 /* Top100AlbumsTests.xctest */,
				5537258824340C66009018A8 /* Top100AlbumsUITests.xctest */,
			);
			name = Products;
			sourceTree = "<group>";
		};
		5537256924340C63009018A8 /* Top100Albums */ = {
			isa = PBXGroup;
			children = (
				553725AC24353431009018A8 /* Constants */,
				5537259D2435325E009018A8 /* Extensions */,
				5599858B24353FBE00DB1E51 /* Models */,
				5537259A2435320D009018A8 /* Services */,
				553725A624353374009018A8 /* UI */,
				553725A4243532EB009018A8 /* Supporting Files */,
				5537256A24340C63009018A8 /* AppDelegate.swift */,
				5537256C24340C63009018A8 /* SceneDelegate.swift */,
				5537257824340C65009018A8 /* Info.plist */,
			);
			path = Top100Albums;
			sourceTree = "<group>";
		};
		5537258024340C66009018A8 /* Top100AlbumsTests */ = {
			isa = PBXGroup;
			children = (
				5537258124340C66009018A8 /* Top100AlbumsTests.swift */,
				5501D9E624375643002EAFB0 /* ApiTests */,
				5521C08D2437AB1A00DD329B /* MockObjects */,
				5501D9E724375650002EAFB0 /* ModelTests */,
				5521C0842437A68D00DD329B /* SnapshotTests */,
				5501D9E52437562D002EAFB0 /* SpyDelegates */,
				5501D9D22436AEA7002EAFB0 /* Stubs */,
				5521C08A2437A8E800DD329B /* TestViewModels */,
				5501D9E424375624002EAFB0 /* ViewModelTests */,
				5537258324340C66009018A8 /* Info.plist */,
			);
			path = Top100AlbumsTests;
			sourceTree = "<group>";
		};
		5537258B24340C66009018A8 /* Top100AlbumsUITests */ = {
			isa = PBXGroup;
			children = (
				5537258C24340C66009018A8 /* Top100AlbumsUITests.swift */,
				5537258E24340C66009018A8 /* Info.plist */,
			);
			path = Top100AlbumsUITests;
			sourceTree = "<group>";
		};
		5537259A2435320D009018A8 /* Services */ = {
			isa = PBXGroup;
			children = (
				553725AA243533F0009018A8 /* AppCoordinator.swift */,
				5537259B24353227009018A8 /* ApiClient.swift */,
				553725B424353A65009018A8 /* Factory.swift */,
			);
			path = Services;
			sourceTree = "<group>";
		};
		5537259D2435325E009018A8 /* Extensions */ = {
			isa = PBXGroup;
			children = (
				553725A2243532A3009018A8 /* Data+Utils.swift */,
				553725A02435328A009018A8 /* Dictionary+Utils.swift */,
				5558E42A24361BF2001A45E8 /* UIButton+Utils.swift */,
				5501D9CD24369C18002EAFB0 /* UIImage+Utils.swift */,
				5599859524355AA800DB1E51 /* UIStackView+Utils.swift */,
				5537259E24353273009018A8 /* URLRequest+Utils.swift */,
			);
			path = Extensions;
			sourceTree = "<group>";
		};
		553725A4243532EB009018A8 /* Supporting Files */ = {
			isa = PBXGroup;
			children = (
				5537257324340C65009018A8 /* Assets.xcassets */,
				5537257524340C65009018A8 /* LaunchScreen.storyboard */,
			);
			path = "Supporting Files";
			sourceTree = "<group>";
		};
		553725A624353374009018A8 /* UI */ = {
			isa = PBXGroup;
			children = (
				5558E42824361BC0001A45E8 /* Screens */,
				553725B124353793009018A8 /* Components */,
			);
			path = UI;
			sourceTree = "<group>";
		};
		553725A9243533C3009018A8 /* TopAlbums */ = {
			isa = PBXGroup;
			children = (
				5521C0922437B42600DD329B /* Components */,
				559985A124360EF100DB1E51 /* TopAlbumsCoordinator.swift */,
				553725A7243533B0009018A8 /* TopAlbumsViewController.swift */,
				553725AF243536AA009018A8 /* TopAlbumsViewModel.swift */,
			);
			path = TopAlbums;
			sourceTree = "<group>";
		};
		553725AC24353431009018A8 /* Constants */ = {
			isa = PBXGroup;
			children = (
				55998591243548D300DB1E51 /* ApiRoute.swift */,
				5521C0902437AE8900DD329B /* ImageName.swift */,
				553725AD24353440009018A8 /* NetworkError.swift */,
				5501D9C924369B4D002EAFB0 /* SFSymbolName.swift */,
			);
			path = Constants;
			sourceTree = "<group>";
		};
		553725B124353793009018A8 /* Components */ = {
			isa = PBXGroup;
			children = (
				558D061824369163003E7ED8 /* ActivityIndicator */,
				5501D9CF24369C88002EAFB0 /* Buttons */,
				553725B2243537AB009018A8 /* BaseViewController.swift */,
			);
			path = Components;
			sourceTree = "<group>";
		};
		5558E42824361BC0001A45E8 /* Screens */ = {
			isa = PBXGroup;
			children = (
				55998599243604E600DB1E51 /* AlbumDetails */,
				553725A9243533C3009018A8 /* TopAlbums */,
			);
			path = Screens;
			sourceTree = "<group>";
		};
		55751E28EA4457D28841D21A /* Pods */ = {
			isa = PBXGroup;
			children = (
				BF689C38B8F116E6BEDCC14C /* Pods-Top100Albums.debug.xcconfig */,
				705302173E95A94F813FD203 /* Pods-Top100Albums.release.xcconfig */,
				4810CE2849C621CFDBDF2AD1 /* Pods-Top100Albums-Top100AlbumsUITests.debug.xcconfig */,
				364AE739FA338B46378E7F3B /* Pods-Top100Albums-Top100AlbumsUITests.release.xcconfig */,
				A7F912C63889FE0D5926DB69 /* Pods-Top100AlbumsTests.debug.xcconfig */,
				8C6BD38A9CFDB47446E9E85B /* Pods-Top100AlbumsTests.release.xcconfig */,
			);
			path = Pods;
			sourceTree = "<group>";
		};
		558D061824369163003E7ED8 /* ActivityIndicator */ = {
			isa = PBXGroup;
			children = (
				558D061924369177003E7ED8 /* AnimationCircleStrokeSpin.swift */,
				558D061B24369192003E7ED8 /* ActivityIndicatorView.swift */,
			);
			path = ActivityIndicator;
			sourceTree = "<group>";
		};
		5599858B24353FBE00DB1E51 /* Models */ = {
			isa = PBXGroup;
			children = (
				5599858C2435401C00DB1E51 /* AlbumResponse.swift */,
				5599858F2435465A00DB1E51 /* FailableDecodable.swift */,
			);
			path = Models;
			sourceTree = "<group>";
		};
		55998599243604E600DB1E51 /* AlbumDetails */ = {
			isa = PBXGroup;
			children = (
				5599859E243608C300DB1E51 /* AlbumDetailsCoordinator.swift */,
				5599859A2436050800DB1E51 /* AlbumDetailsViewController.swift */,
				5599859C2436053200DB1E51 /* AlbumDetailsViewModel.swift */,
			);
			path = AlbumDetails;
			sourceTree = "<group>";
		};
		AC5FF4F7F17BCE9782CF4F63 /* Frameworks */ = {
			isa = PBXGroup;
			children = (
				BBA70065FE584F16FA16C9C8 /* Pods_Top100Albums.framework */,
				9B1AB1B410BFCFEF7DD00E0B /* Pods_Top100Albums_Top100AlbumsUITests.framework */,
				FCCE342FBCC924E8D4506C57 /* Pods_Top100AlbumsTests.framework */,
			);
			name = Frameworks;
			sourceTree = "<group>";
		};
/* End PBXGroup section */

/* Begin PBXNativeTarget section */
		5537256624340C63009018A8 /* Top100Albums */ = {
			isa = PBXNativeTarget;
			buildConfigurationList = 5537259124340C66009018A8 /* Build configuration list for PBXNativeTarget "Top100Albums" */;
			buildPhases = (
				60CB512A790FE5797FC34720 /* [CP] Check Pods Manifest.lock */,
				5537256324340C63009018A8 /* Sources */,
				5537256424340C63009018A8 /* Frameworks */,
				5537256524340C63009018A8 /* Resources */,
				D305A49BD96B0FB8965929D8 /* [CP] Embed Pods Frameworks */,
				5599858A24353E3400DB1E51 /* Run SwiftLint */,
			);
			buildRules = (
			);
			dependencies = (
			);
			name = Top100Albums;
			productName = Top100Albums;
			productReference = 5537256724340C63009018A8 /* Top100Albums.app */;
			productType = "com.apple.product-type.application";
		};
		5537257C24340C66009018A8 /* Top100AlbumsTests */ = {
			isa = PBXNativeTarget;
			buildConfigurationList = 5537259424340C66009018A8 /* Build configuration list for PBXNativeTarget "Top100AlbumsTests" */;
			buildPhases = (
				728DAC91F740AC76C671FED7 /* [CP] Check Pods Manifest.lock */,
				5537257924340C66009018A8 /* Sources */,
				5537257A24340C66009018A8 /* Frameworks */,
				5537257B24340C66009018A8 /* Resources */,
				70DC6C504EE3F67AE0971A44 /* [CP] Embed Pods Frameworks */,
			);
			buildRules = (
			);
			dependencies = (
				5537257F24340C66009018A8 /* PBXTargetDependency */,
			);
			name = Top100AlbumsTests;
			productName = Top100AlbumsTests;
			productReference = 5537257D24340C66009018A8 /* Top100AlbumsTests.xctest */;
			productType = "com.apple.product-type.bundle.unit-test";
		};
		5537258724340C66009018A8 /* Top100AlbumsUITests */ = {
			isa = PBXNativeTarget;
			buildConfigurationList = 5537259724340C66009018A8 /* Build configuration list for PBXNativeTarget "Top100AlbumsUITests" */;
			buildPhases = (
				5E7EA8BD3D7B3C270DCAA371 /* [CP] Check Pods Manifest.lock */,
				5537258424340C66009018A8 /* Sources */,
				5537258524340C66009018A8 /* Frameworks */,
				5537258624340C66009018A8 /* Resources */,
				A96558F82B6CD4A98D075190 /* [CP] Embed Pods Frameworks */,
			);
			buildRules = (
			);
			dependencies = (
				5537258A24340C66009018A8 /* PBXTargetDependency */,
			);
			name = Top100AlbumsUITests;
			productName = Top100AlbumsUITests;
			productReference = 5537258824340C66009018A8 /* Top100AlbumsUITests.xctest */;
			productType = "com.apple.product-type.bundle.ui-testing";
		};
/* End PBXNativeTarget section */

/* Begin PBXProject section */
		5537255F24340C62009018A8 /* Project object */ = {
			isa = PBXProject;
			attributes = {
				LastSwiftUpdateCheck = 1130;
				LastUpgradeCheck = 1130;
				ORGANIZATIONNAME = DavidTroupe;
				TargetAttributes = {
					5537256624340C63009018A8 = {
						CreatedOnToolsVersion = 11.3.1;
					};
					5537257C24340C66009018A8 = {
						CreatedOnToolsVersion = 11.3.1;
						TestTargetID = 5537256624340C63009018A8;
					};
					5537258724340C66009018A8 = {
						CreatedOnToolsVersion = 11.3.1;
						TestTargetID = 5537256624340C63009018A8;
					};
				};
			};
			buildConfigurationList = 5537256224340C62009018A8 /* Build configuration list for PBXProject "Top100Albums" */;
			compatibilityVersion = "Xcode 9.3";
			developmentRegion = en;
			hasScannedForEncodings = 0;
			knownRegions = (
				en,
				Base,
			);
			mainGroup = 5537255E24340C62009018A8;
			productRefGroup = 5537256824340C63009018A8 /* Products */;
			projectDirPath = "";
			projectRoot = "";
			targets = (
				5537256624340C63009018A8 /* Top100Albums */,
				5537257C24340C66009018A8 /* Top100AlbumsTests */,
				5537258724340C66009018A8 /* Top100AlbumsUITests */,
			);
		};
/* End PBXProject section */

/* Begin PBXResourcesBuildPhase section */
		5537256524340C63009018A8 /* Resources */ = {
			isa = PBXResourcesBuildPhase;
			buildActionMask = 2147483647;
			files = (
				55C9BFB024353D650053774A /* .swiftlint.yml in Resources */,
				5537257724340C65009018A8 /* LaunchScreen.storyboard in Resources */,
				5537257424340C65009018A8 /* Assets.xcassets in Resources */,
			);
			runOnlyForDeploymentPostprocessing = 0;
		};
		5537257B24340C66009018A8 /* Resources */ = {
			isa = PBXResourcesBuildPhase;
			buildActionMask = 2147483647;
			files = (
				5501D9DC2436B039002EAFB0 /* MissingAlbumDataStub.json in Resources */,
				5501D9D82436AFC6002EAFB0 /* OneAlbumStub.json in Resources */,
				5501D9D62436AF85002EAFB0 /* FullAlbumStub.json in Resources */,
			);
			runOnlyForDeploymentPostprocessing = 0;
		};
		5537258624340C66009018A8 /* Resources */ = {
			isa = PBXResourcesBuildPhase;
			buildActionMask = 2147483647;
			files = (
			);
			runOnlyForDeploymentPostprocessing = 0;
		};
/* End PBXResourcesBuildPhase section */

/* Begin PBXShellScriptBuildPhase section */
		5599858A24353E3400DB1E51 /* Run SwiftLint */ = {
			isa = PBXShellScriptBuildPhase;
			buildActionMask = 2147483647;
			files = (
			);
			inputFileListPaths = (
			);
			inputPaths = (
			);
			name = "Run SwiftLint";
			outputFileListPaths = (
			);
			outputPaths = (
			);
			runOnlyForDeploymentPostprocessing = 0;
			shellPath = /bin/sh;
			shellScript = "\"${PODS_ROOT}/SwiftLint/swiftlint\"\n";
		};
		5E7EA8BD3D7B3C270DCAA371 /* [CP] Check Pods Manifest.lock */ = {
			isa = PBXShellScriptBuildPhase;
			buildActionMask = 2147483647;
			files = (
			);
			inputFileListPaths = (
			);
			inputPaths = (
				"${PODS_PODFILE_DIR_PATH}/Podfile.lock",
				"${PODS_ROOT}/Manifest.lock",
			);
			name = "[CP] Check Pods Manifest.lock";
			outputFileListPaths = (
			);
			outputPaths = (
				"$(DERIVED_FILE_DIR)/Pods-Top100Albums-Top100AlbumsUITests-checkManifestLockResult.txt",
			);
			runOnlyForDeploymentPostprocessing = 0;
			shellPath = /bin/sh;
			shellScript = "diff \"${PODS_PODFILE_DIR_PATH}/Podfile.lock\" \"${PODS_ROOT}/Manifest.lock\" > /dev/null\nif [ $? != 0 ] ; then\n    # print error to STDERR\n    echo \"error: The sandbox is not in sync with the Podfile.lock. Run 'pod install' or update your CocoaPods installation.\" >&2\n    exit 1\nfi\n# This output is used by Xcode 'outputs' to avoid re-running this script phase.\necho \"SUCCESS\" > \"${SCRIPT_OUTPUT_FILE_0}\"\n";
			showEnvVarsInLog = 0;
		};
		60CB512A790FE5797FC34720 /* [CP] Check Pods Manifest.lock */ = {
			isa = PBXShellScriptBuildPhase;
			buildActionMask = 2147483647;
			files = (
			);
			inputFileListPaths = (
			);
			inputPaths = (
				"${PODS_PODFILE_DIR_PATH}/Podfile.lock",
				"${PODS_ROOT}/Manifest.lock",
			);
			name = "[CP] Check Pods Manifest.lock";
			outputFileListPaths = (
			);
			outputPaths = (
				"$(DERIVED_FILE_DIR)/Pods-Top100Albums-checkManifestLockResult.txt",
			);
			runOnlyForDeploymentPostprocessing = 0;
			shellPath = /bin/sh;
			shellScript = "diff \"${PODS_PODFILE_DIR_PATH}/Podfile.lock\" \"${PODS_ROOT}/Manifest.lock\" > /dev/null\nif [ $? != 0 ] ; then\n    # print error to STDERR\n    echo \"error: The sandbox is not in sync with the Podfile.lock. Run 'pod install' or update your CocoaPods installation.\" >&2\n    exit 1\nfi\n# This output is used by Xcode 'outputs' to avoid re-running this script phase.\necho \"SUCCESS\" > \"${SCRIPT_OUTPUT_FILE_0}\"\n";
			showEnvVarsInLog = 0;
		};
		70DC6C504EE3F67AE0971A44 /* [CP] Embed Pods Frameworks */ = {
			isa = PBXShellScriptBuildPhase;
			buildActionMask = 2147483647;
			files = (
			);
			inputFileListPaths = (
				"${PODS_ROOT}/Target Support Files/Pods-Top100AlbumsTests/Pods-Top100AlbumsTests-frameworks-${CONFIGURATION}-input-files.xcfilelist",
			);
			name = "[CP] Embed Pods Frameworks";
			outputFileListPaths = (
				"${PODS_ROOT}/Target Support Files/Pods-Top100AlbumsTests/Pods-Top100AlbumsTests-frameworks-${CONFIGURATION}-output-files.xcfilelist",
			);
			runOnlyForDeploymentPostprocessing = 0;
			shellPath = /bin/sh;
			shellScript = "\"${PODS_ROOT}/Target Support Files/Pods-Top100AlbumsTests/Pods-Top100AlbumsTests-frameworks.sh\"\n";
			showEnvVarsInLog = 0;
		};
		728DAC91F740AC76C671FED7 /* [CP] Check Pods Manifest.lock */ = {
			isa = PBXShellScriptBuildPhase;
			buildActionMask = 2147483647;
			files = (
			);
			inputFileListPaths = (
			);
			inputPaths = (
				"${PODS_PODFILE_DIR_PATH}/Podfile.lock",
				"${PODS_ROOT}/Manifest.lock",
			);
			name = "[CP] Check Pods Manifest.lock";
			outputFileListPaths = (
			);
			outputPaths = (
				"$(DERIVED_FILE_DIR)/Pods-Top100AlbumsTests-checkManifestLockResult.txt",
			);
			runOnlyForDeploymentPostprocessing = 0;
			shellPath = /bin/sh;
			shellScript = "diff \"${PODS_PODFILE_DIR_PATH}/Podfile.lock\" \"${PODS_ROOT}/Manifest.lock\" > /dev/null\nif [ $? != 0 ] ; then\n    # print error to STDERR\n    echo \"error: The sandbox is not in sync with the Podfile.lock. Run 'pod install' or update your CocoaPods installation.\" >&2\n    exit 1\nfi\n# This output is used by Xcode 'outputs' to avoid re-running this script phase.\necho \"SUCCESS\" > \"${SCRIPT_OUTPUT_FILE_0}\"\n";
			showEnvVarsInLog = 0;
		};
		A96558F82B6CD4A98D075190 /* [CP] Embed Pods Frameworks */ = {
			isa = PBXShellScriptBuildPhase;
			buildActionMask = 2147483647;
			files = (
			);
			inputFileListPaths = (
				"${PODS_ROOT}/Target Support Files/Pods-Top100Albums-Top100AlbumsUITests/Pods-Top100Albums-Top100AlbumsUITests-frameworks-${CONFIGURATION}-input-files.xcfilelist",
			);
			name = "[CP] Embed Pods Frameworks";
			outputFileListPaths = (
				"${PODS_ROOT}/Target Support Files/Pods-Top100Albums-Top100AlbumsUITests/Pods-Top100Albums-Top100AlbumsUITests-frameworks-${CONFIGURATION}-output-files.xcfilelist",
			);
			runOnlyForDeploymentPostprocessing = 0;
			shellPath = /bin/sh;
			shellScript = "\"${PODS_ROOT}/Target Support Files/Pods-Top100Albums-Top100AlbumsUITests/Pods-Top100Albums-Top100AlbumsUITests-frameworks.sh\"\n";
			showEnvVarsInLog = 0;
		};
		D305A49BD96B0FB8965929D8 /* [CP] Embed Pods Frameworks */ = {
			isa = PBXShellScriptBuildPhase;
			buildActionMask = 2147483647;
			files = (
			);
			inputFileListPaths = (
				"${PODS_ROOT}/Target Support Files/Pods-Top100Albums/Pods-Top100Albums-frameworks-${CONFIGURATION}-input-files.xcfilelist",
			);
			name = "[CP] Embed Pods Frameworks";
			outputFileListPaths = (
				"${PODS_ROOT}/Target Support Files/Pods-Top100Albums/Pods-Top100Albums-frameworks-${CONFIGURATION}-output-files.xcfilelist",
			);
			runOnlyForDeploymentPostprocessing = 0;
			shellPath = /bin/sh;
			shellScript = "\"${PODS_ROOT}/Target Support Files/Pods-Top100Albums/Pods-Top100Albums-frameworks.sh\"\n";
			showEnvVarsInLog = 0;
		};
/* End PBXShellScriptBuildPhase section */

/* Begin PBXSourcesBuildPhase section */
		5537256324340C63009018A8 /* Sources */ = {
			isa = PBXSourcesBuildPhase;
			buildActionMask = 2147483647;
			files = (
				553725A8243533B0009018A8 /* TopAlbumsViewController.swift in Sources */,
				5537256B24340C63009018A8 /* AppDelegate.swift in Sources */,
				5501D9D124369CC1002EAFB0 /* AnimatedButton.swift in Sources */,
				5599859624355AA800DB1E51 /* UIStackView+Utils.swift in Sources */,
				5599859F243608C300DB1E51 /* AlbumDetailsCoordinator.swift in Sources */,
				5599859D2436053200DB1E51 /* AlbumDetailsViewModel.swift in Sources */,
				5599858D2435401C00DB1E51 /* AlbumResponse.swift in Sources */,
				5558E42D24361C5D001A45E8 /* HapticCapsuleButton.swift in Sources */,
				553725B3243537AB009018A8 /* BaseViewController.swift in Sources */,
				55998592243548D300DB1E51 /* ApiRoute.swift in Sources */,
				559985A224360EF100DB1E51 /* TopAlbumsCoordinator.swift in Sources */,
				5537259F24353273009018A8 /* URLRequest+Utils.swift in Sources */,
				553725A3243532A3009018A8 /* Data+Utils.swift in Sources */,
				559985942435545200DB1E51 /* AlbumTableViewCell.swift in Sources */,
				553725AB243533F0009018A8 /* AppCoordinator.swift in Sources */,
				5537256D24340C63009018A8 /* SceneDelegate.swift in Sources */,
				5521C0942437B43A00DD329B /* AlbumTableViewCellViewModel.swift in Sources */,
				5501D9CA24369B4D002EAFB0 /* SFSymbolName.swift in Sources */,
				553725B0243536AA009018A8 /* TopAlbumsViewModel.swift in Sources */,
				5521C0912437AE8900DD329B /* ImageName.swift in Sources */,
				558D061C24369192003E7ED8 /* ActivityIndicatorView.swift in Sources */,
				553725B524353A65009018A8 /* Factory.swift in Sources */,
				553725AE24353440009018A8 /* NetworkError.swift in Sources */,
				5501D9CE24369C18002EAFB0 /* UIImage+Utils.swift in Sources */,
				5558E42B24361BF2001A45E8 /* UIButton+Utils.swift in Sources */,
				559985902435465A00DB1E51 /* FailableDecodable.swift in Sources */,
				5537259C24353227009018A8 /* ApiClient.swift in Sources */,
				5599859B2436050800DB1E51 /* AlbumDetailsViewController.swift in Sources */,
				558D061A24369177003E7ED8 /* AnimationCircleStrokeSpin.swift in Sources */,
				553725A12435328A009018A8 /* Dictionary+Utils.swift in Sources */,
			);
			runOnlyForDeploymentPostprocessing = 0;
		};
		5537257924340C66009018A8 /* Sources */ = {
			isa = PBXSourcesBuildPhase;
			buildActionMask = 2147483647;
			files = (
				5521C0962437B47A00DD329B /* AlbumTableViewCellTestViewModel.swift in Sources */,
				5521C08C2437A90000DD329B /* TopAlbumsTestViewModel.swift in Sources */,
				5501D9DE2436B1EB002EAFB0 /* AlbumResponseDecodeTests.swift in Sources */,
				5521C0872437A70900DD329B /* BaseSnapshotTests.swift in Sources */,
				5501D9D42436AF08002EAFB0 /* StubLoading.swift in Sources */,
				5521C0892437A78A00DD329B /* TopAlbumsVcSnapshotTests.swift in Sources */,
				5501D9E324375542002EAFB0 /* TopAlbumsViewModelTests.swift in Sources */,
				5521C08F2437AB3000DD329B /* MockApiClient.swift in Sources */,
				5521C0832437A24A00DD329B /* AlbumDetialsViewModelTests.swift in Sources */,
				55D216F4243756D000B455F9 /* TopAlbumsViewModelSpyViewDelegate.swift in Sources */,
				5537258224340C66009018A8 /* Top100AlbumsTests.swift in Sources */,
				5521C09A2437B78400DD329B /* AlbumTableViewCellViewModelTests.swift in Sources */,
				5501D9E124374FFD002EAFB0 /* ApiClientTests.swift in Sources */,
				5521C09E2437B88300DD329B /* AlbumDetailsVcSnapshotTests.swift in Sources */,
				5521C0A22437BA5700DD329B /* AlbumDetailsTestViewModel.swift in Sources */,
			);
			runOnlyForDeploymentPostprocessing = 0;
		};
		5537258424340C66009018A8 /* Sources */ = {
			isa = PBXSourcesBuildPhase;
			buildActionMask = 2147483647;
			files = (
				5537258D24340C66009018A8 /* Top100AlbumsUITests.swift in Sources */,
			);
			runOnlyForDeploymentPostprocessing = 0;
		};
/* End PBXSourcesBuildPhase section */

/* Begin PBXTargetDependency section */
		5537257F24340C66009018A8 /* PBXTargetDependency */ = {
			isa = PBXTargetDependency;
			target = 5537256624340C63009018A8 /* Top100Albums */;
			targetProxy = 5537257E24340C66009018A8 /* PBXContainerItemProxy */;
		};
		5537258A24340C66009018A8 /* PBXTargetDependency */ = {
			isa = PBXTargetDependency;
			target = 5537256624340C63009018A8 /* Top100Albums */;
			targetProxy = 5537258924340C66009018A8 /* PBXContainerItemProxy */;
		};
/* End PBXTargetDependency section */

/* Begin PBXVariantGroup section */
		5537257524340C65009018A8 /* LaunchScreen.storyboard */ = {
			isa = PBXVariantGroup;
			children = (
				5537257624340C65009018A8 /* Base */,
			);
			name = LaunchScreen.storyboard;
			sourceTree = "<group>";
		};
/* End PBXVariantGroup section */

/* Begin XCBuildConfiguration section */
		5537258F24340C66009018A8 /* Debug */ = {
			isa = XCBuildConfiguration;
			buildSettings = {
				ALWAYS_SEARCH_USER_PATHS = NO;
				CLANG_ANALYZER_NONNULL = YES;
				CLANG_ANALYZER_NUMBER_OBJECT_CONVERSION = YES_AGGRESSIVE;
				CLANG_CXX_LANGUAGE_STANDARD = "gnu++14";
				CLANG_CXX_LIBRARY = "libc++";
				CLANG_ENABLE_MODULES = YES;
				CLANG_ENABLE_OBJC_ARC = YES;
				CLANG_ENABLE_OBJC_WEAK = YES;
				CLANG_WARN_BLOCK_CAPTURE_AUTORELEASING = YES;
				CLANG_WARN_BOOL_CONVERSION = YES;
				CLANG_WARN_COMMA = YES;
				CLANG_WARN_CONSTANT_CONVERSION = YES;
				CLANG_WARN_DEPRECATED_OBJC_IMPLEMENTATIONS = YES;
				CLANG_WARN_DIRECT_OBJC_ISA_USAGE = YES_ERROR;
				CLANG_WARN_DOCUMENTATION_COMMENTS = YES;
				CLANG_WARN_EMPTY_BODY = YES;
				CLANG_WARN_ENUM_CONVERSION = YES;
				CLANG_WARN_INFINITE_RECURSION = YES;
				CLANG_WARN_INT_CONVERSION = YES;
				CLANG_WARN_NON_LITERAL_NULL_CONVERSION = YES;
				CLANG_WARN_OBJC_IMPLICIT_RETAIN_SELF = YES;
				CLANG_WARN_OBJC_LITERAL_CONVERSION = YES;
				CLANG_WARN_OBJC_ROOT_CLASS = YES_ERROR;
				CLANG_WARN_RANGE_LOOP_ANALYSIS = YES;
				CLANG_WARN_STRICT_PROTOTYPES = YES;
				CLANG_WARN_SUSPICIOUS_MOVE = YES;
				CLANG_WARN_UNGUARDED_AVAILABILITY = YES_AGGRESSIVE;
				CLANG_WARN_UNREACHABLE_CODE = YES;
				CLANG_WARN__DUPLICATE_METHOD_MATCH = YES;
				COPY_PHASE_STRIP = NO;
				DEBUG_INFORMATION_FORMAT = dwarf;
				ENABLE_STRICT_OBJC_MSGSEND = YES;
				ENABLE_TESTABILITY = YES;
				GCC_C_LANGUAGE_STANDARD = gnu11;
				GCC_DYNAMIC_NO_PIC = NO;
				GCC_NO_COMMON_BLOCKS = YES;
				GCC_OPTIMIZATION_LEVEL = 0;
				GCC_PREPROCESSOR_DEFINITIONS = (
					"DEBUG=1",
					"$(inherited)",
				);
				GCC_WARN_64_TO_32_BIT_CONVERSION = YES;
				GCC_WARN_ABOUT_RETURN_TYPE = YES_ERROR;
				GCC_WARN_UNDECLARED_SELECTOR = YES;
				GCC_WARN_UNINITIALIZED_AUTOS = YES_AGGRESSIVE;
				GCC_WARN_UNUSED_FUNCTION = YES;
				GCC_WARN_UNUSED_VARIABLE = YES;
				IPHONEOS_DEPLOYMENT_TARGET = 13.0;
				MTL_ENABLE_DEBUG_INFO = INCLUDE_SOURCE;
				MTL_FAST_MATH = YES;
				ONLY_ACTIVE_ARCH = YES;
				SDKROOT = iphoneos;
				SWIFT_ACTIVE_COMPILATION_CONDITIONS = DEBUG;
				SWIFT_OPTIMIZATION_LEVEL = "-Onone";
			};
			name = Debug;
		};
		5537259024340C66009018A8 /* Release */ = {
			isa = XCBuildConfiguration;
			buildSettings = {
				ALWAYS_SEARCH_USER_PATHS = NO;
				CLANG_ANALYZER_NONNULL = YES;
				CLANG_ANALYZER_NUMBER_OBJECT_CONVERSION = YES_AGGRESSIVE;
				CLANG_CXX_LANGUAGE_STANDARD = "gnu++14";
				CLANG_CXX_LIBRARY = "libc++";
				CLANG_ENABLE_MODULES = YES;
				CLANG_ENABLE_OBJC_ARC = YES;
				CLANG_ENABLE_OBJC_WEAK = YES;
				CLANG_WARN_BLOCK_CAPTURE_AUTORELEASING = YES;
				CLANG_WARN_BOOL_CONVERSION = YES;
				CLANG_WARN_COMMA = YES;
				CLANG_WARN_CONSTANT_CONVERSION = YES;
				CLANG_WARN_DEPRECATED_OBJC_IMPLEMENTATIONS = YES;
				CLANG_WARN_DIRECT_OBJC_ISA_USAGE = YES_ERROR;
				CLANG_WARN_DOCUMENTATION_COMMENTS = YES;
				CLANG_WARN_EMPTY_BODY = YES;
				CLANG_WARN_ENUM_CONVERSION = YES;
				CLANG_WARN_INFINITE_RECURSION = YES;
				CLANG_WARN_INT_CONVERSION = YES;
				CLANG_WARN_NON_LITERAL_NULL_CONVERSION = YES;
				CLANG_WARN_OBJC_IMPLICIT_RETAIN_SELF = YES;
				CLANG_WARN_OBJC_LITERAL_CONVERSION = YES;
				CLANG_WARN_OBJC_ROOT_CLASS = YES_ERROR;
				CLANG_WARN_RANGE_LOOP_ANALYSIS = YES;
				CLANG_WARN_STRICT_PROTOTYPES = YES;
				CLANG_WARN_SUSPICIOUS_MOVE = YES;
				CLANG_WARN_UNGUARDED_AVAILABILITY = YES_AGGRESSIVE;
				CLANG_WARN_UNREACHABLE_CODE = YES;
				CLANG_WARN__DUPLICATE_METHOD_MATCH = YES;
				COPY_PHASE_STRIP = NO;
				DEBUG_INFORMATION_FORMAT = "dwarf-with-dsym";
				ENABLE_NS_ASSERTIONS = NO;
				ENABLE_STRICT_OBJC_MSGSEND = YES;
				GCC_C_LANGUAGE_STANDARD = gnu11;
				GCC_NO_COMMON_BLOCKS = YES;
				GCC_WARN_64_TO_32_BIT_CONVERSION = YES;
				GCC_WARN_ABOUT_RETURN_TYPE = YES_ERROR;
				GCC_WARN_UNDECLARED_SELECTOR = YES;
				GCC_WARN_UNINITIALIZED_AUTOS = YES_AGGRESSIVE;
				GCC_WARN_UNUSED_FUNCTION = YES;
				GCC_WARN_UNUSED_VARIABLE = YES;
				IPHONEOS_DEPLOYMENT_TARGET = 13.0;
				MTL_ENABLE_DEBUG_INFO = NO;
				MTL_FAST_MATH = YES;
				SDKROOT = iphoneos;
				SWIFT_COMPILATION_MODE = wholemodule;
				SWIFT_OPTIMIZATION_LEVEL = "-O";
				VALIDATE_PRODUCT = YES;
			};
			name = Release;
		};
		5537259224340C66009018A8 /* Debug */ = {
			isa = XCBuildConfiguration;
			baseConfigurationReference = BF689C38B8F116E6BEDCC14C /* Pods-Top100Albums.debug.xcconfig */;
			buildSettings = {
				ALWAYS_EMBED_SWIFT_STANDARD_LIBRARIES = "$(inherited)";
				ASSETCATALOG_COMPILER_APPICON_NAME = AppIcon;
				CODE_SIGN_STYLE = Automatic;
				DEVELOPMENT_TEAM = D3D7B5BPEZ;
				INFOPLIST_FILE = Top100Albums/Info.plist;
				LD_RUNPATH_SEARCH_PATHS = (
					"$(inherited)",
					"@executable_path/Frameworks",
				);
				PRODUCT_BUNDLE_IDENTIFIER = com.DavidTroupe.Top100Albums;
				PRODUCT_NAME = "$(TARGET_NAME)";
				SWIFT_VERSION = 5.0;
				TARGETED_DEVICE_FAMILY = "1,2";
			};
			name = Debug;
		};
		5537259324340C66009018A8 /* Release */ = {
			isa = XCBuildConfiguration;
			baseConfigurationReference = 705302173E95A94F813FD203 /* Pods-Top100Albums.release.xcconfig */;
			buildSettings = {
				ALWAYS_EMBED_SWIFT_STANDARD_LIBRARIES = "$(inherited)";
				ASSETCATALOG_COMPILER_APPICON_NAME = AppIcon;
				CODE_SIGN_STYLE = Automatic;
				DEVELOPMENT_TEAM = D3D7B5BPEZ;
				INFOPLIST_FILE = Top100Albums/Info.plist;
				LD_RUNPATH_SEARCH_PATHS = (
					"$(inherited)",
					"@executable_path/Frameworks",
				);
				PRODUCT_BUNDLE_IDENTIFIER = com.DavidTroupe.Top100Albums;
				PRODUCT_NAME = "$(TARGET_NAME)";
				SWIFT_VERSION = 5.0;
				TARGETED_DEVICE_FAMILY = "1,2";
			};
			name = Release;
		};
		5537259524340C66009018A8 /* Debug */ = {
			isa = XCBuildConfiguration;
			baseConfigurationReference = A7F912C63889FE0D5926DB69 /* Pods-Top100AlbumsTests.debug.xcconfig */;
			buildSettings = {
				ALWAYS_EMBED_SWIFT_STANDARD_LIBRARIES = "$(inherited)";
				BUNDLE_LOADER = "$(TEST_HOST)";
				CODE_SIGN_STYLE = Automatic;
				DEVELOPMENT_TEAM = DE8BN3U97V;
				INFOPLIST_FILE = Top100AlbumsTests/Info.plist;
				IPHONEOS_DEPLOYMENT_TARGET = 13.2;
				LD_RUNPATH_SEARCH_PATHS = (
					"$(inherited)",
					"@executable_path/Frameworks",
					"@loader_path/Frameworks",
				);
				PRODUCT_BUNDLE_IDENTIFIER = com.DavidTroupe.Top100AlbumsTests;
				PRODUCT_NAME = "$(TARGET_NAME)";
				SWIFT_VERSION = 5.0;
				TARGETED_DEVICE_FAMILY = "1,2";
				TEST_HOST = "$(BUILT_PRODUCTS_DIR)/Top100Albums.app/Top100Albums";
			};
			name = Debug;
		};
		5537259624340C66009018A8 /* Release */ = {
			isa = XCBuildConfiguration;
			baseConfigurationReference = 8C6BD38A9CFDB47446E9E85B /* Pods-Top100AlbumsTests.release.xcconfig */;
			buildSettings = {
				ALWAYS_EMBED_SWIFT_STANDARD_LIBRARIES = "$(inherited)";
				BUNDLE_LOADER = "$(TEST_HOST)";
				CODE_SIGN_STYLE = Automatic;
				DEVELOPMENT_TEAM = DE8BN3U97V;
				INFOPLIST_FILE = Top100AlbumsTests/Info.plist;
				IPHONEOS_DEPLOYMENT_TARGET = 13.2;
				LD_RUNPATH_SEARCH_PATHS = (
					"$(inherited)",
					"@executable_path/Frameworks",
					"@loader_path/Frameworks",
				);
				PRODUCT_BUNDLE_IDENTIFIER = com.DavidTroupe.Top100AlbumsTests;
				PRODUCT_NAME = "$(TARGET_NAME)";
				SWIFT_VERSION = 5.0;
				TARGETED_DEVICE_FAMILY = "1,2";
				TEST_HOST = "$(BUILT_PRODUCTS_DIR)/Top100Albums.app/Top100Albums";
			};
			name = Release;
		};
		5537259824340C66009018A8 /* Debug */ = {
			isa = XCBuildConfiguration;
			baseConfigurationReference = 4810CE2849C621CFDBDF2AD1 /* Pods-Top100Albums-Top100AlbumsUITests.debug.xcconfig */;
			buildSettings = {
				ALWAYS_EMBED_SWIFT_STANDARD_LIBRARIES = "$(inherited)";
				CODE_SIGN_STYLE = Automatic;
				DEVELOPMENT_TEAM = DE8BN3U97V;
				INFOPLIST_FILE = Top100AlbumsUITests/Info.plist;
				LD_RUNPATH_SEARCH_PATHS = (
					"$(inherited)",
					"@executable_path/Frameworks",
					"@loader_path/Frameworks",
				);
				PRODUCT_BUNDLE_IDENTIFIER = com.DavidTroupe.Top100AlbumsUITests;
				PRODUCT_NAME = "$(TARGET_NAME)";
				SWIFT_VERSION = 5.0;
				TARGETED_DEVICE_FAMILY = "1,2";
				TEST_TARGET_NAME = Top100Albums;
			};
			name = Debug;
		};
		5537259924340C66009018A8 /* Release */ = {
			isa = XCBuildConfiguration;
			baseConfigurationReference = 364AE739FA338B46378E7F3B /* Pods-Top100Albums-Top100AlbumsUITests.release.xcconfig */;
			buildSettings = {
				ALWAYS_EMBED_SWIFT_STANDARD_LIBRARIES = "$(inherited)";
				CODE_SIGN_STYLE = Automatic;
				DEVELOPMENT_TEAM = DE8BN3U97V;
				INFOPLIST_FILE = Top100AlbumsUITests/Info.plist;
				LD_RUNPATH_SEARCH_PATHS = (
					"$(inherited)",
					"@executable_path/Frameworks",
					"@loader_path/Frameworks",
				);
				PRODUCT_BUNDLE_IDENTIFIER = com.DavidTroupe.Top100AlbumsUITests;
				PRODUCT_NAME = "$(TARGET_NAME)";
				SWIFT_VERSION = 5.0;
				TARGETED_DEVICE_FAMILY = "1,2";
				TEST_TARGET_NAME = Top100Albums;
			};
			name = Release;
		};
/* End XCBuildConfiguration section */

/* Begin XCConfigurationList section */
		5537256224340C62009018A8 /* Build configuration list for PBXProject "Top100Albums" */ = {
			isa = XCConfigurationList;
			buildConfigurations = (
				5537258F24340C66009018A8 /* Debug */,
				5537259024340C66009018A8 /* Release */,
			);
			defaultConfigurationIsVisible = 0;
			defaultConfigurationName = Release;
		};
		5537259124340C66009018A8 /* Build configuration list for PBXNativeTarget "Top100Albums" */ = {
			isa = XCConfigurationList;
			buildConfigurations = (
				5537259224340C66009018A8 /* Debug */,
				5537259324340C66009018A8 /* Release */,
			);
			defaultConfigurationIsVisible = 0;
			defaultConfigurationName = Release;
		};
		5537259424340C66009018A8 /* Build configuration list for PBXNativeTarget "Top100AlbumsTests" */ = {
			isa = XCConfigurationList;
			buildConfigurations = (
				5537259524340C66009018A8 /* Debug */,
				5537259624340C66009018A8 /* Release */,
			);
			defaultConfigurationIsVisible = 0;
			defaultConfigurationName = Release;
		};
		5537259724340C66009018A8 /* Build configuration list for PBXNativeTarget "Top100AlbumsUITests" */ = {
			isa = XCConfigurationList;
			buildConfigurations = (
				5537259824340C66009018A8 /* Debug */,
				5537259924340C66009018A8 /* Release */,
			);
			defaultConfigurationIsVisible = 0;
			defaultConfigurationName = Release;
		};
/* End XCConfigurationList section */
	};
	rootObject = 5537255F24340C62009018A8 /* Project object */;
}
